Microsoft Visual Studio Solution File, Format Version 12.00
# Visual Studio 15
VisualStudioVersion = 15.0.28010.2046
MinimumVisualStudioVersion = 10.0.40219.1
Project("{FAE04EC0-301F-11D3-BF4B-00C04F79EFBC}") = "ReservasHotel", "ReservasHotel\ReservasHotel.csproj", "{8B4DE635-4A2D-4A30-9CFD-B9DE8E7156AF}"
EndProject
Project("{FAE04EC0-301F-11D3-BF4B-00C04F79EFBC}") = "Habitaciones", "..\Habitaciones\Habitaciones\Habitaciones.csproj", "{31D35D0B-4EAB-45CD-997B-635C1B2A72A5}"
EndProject
Project("{FAE04EC0-301F-11D3-BF4B-00C04F79EFBC}") = "Gráficos", "..\guzhu-dia-hotel-6127b242e7d8\GestionDeHoteles\GestionDeHoteles\Gráficos.csproj", "{CDA84B60-9FB0-42C4-8A77-77F5C417C08F}"
EndProject
Project("{FAE04EC0-301F-11D3-BF4B-00C04F79EFBC}") = "Clientes", "..\..\..\source\repos\Clientes\Clientes\Clientes.csproj", "{AD084B40-5AA2-4624-BC6B-AD99EE32EED0}"
EndProject
Global
	GlobalSection(SolutionConfigurationPlatforms) = preSolution
		Debug|Any CPU = Debug|Any CPU
		Debug|x86 = Debug|x86
		Release|Any CPU = Release|Any CPU
		Release|x86 = Release|x86
	EndGlobalSection
	GlobalSection(ProjectConfigurationPlatforms) = postSolution
		{8B4DE635-4A2D-4A30-9CFD-B9DE8E7156AF}.Debug|Any CPU.ActiveCfg = Debug|x86
		{8B4DE635-4A2D-4A30-9CFD-B9DE8E7156AF}.Debug|x86.ActiveCfg = Debug|x86
		{8B4DE635-4A2D-4A30-9CFD-B9DE8E7156AF}.Debug|x86.Build.0 = Debug|x86
		{8B4DE635-4A2D-4A30-9CFD-B9DE8E7156AF}.Release|Any CPU.ActiveCfg = Release|x86
		{8B4DE635-4A2D-4A30-9CFD-B9DE8E7156AF}.Release|x86.ActiveCfg = Release|x86
		{8B4DE635-4A2D-4A30-9CFD-B9DE8E7156AF}.Release|x86.Build.0 = Release|x86
		{31D35D0B-4EAB-45CD-997B-635C1B2A72A5}.Debug|Any CPU.ActiveCfg = Debug|x86
		{31D35D0B-4EAB-45CD-997B-635C1B2A72A5}.Debug|x86.ActiveCfg = Debug|x86
		{31D35D0B-4EAB-45CD-997B-635C1B2A72A5}.Debug|x86.Build.0 = Debug|x86
		{31D35D0B-4EAB-45CD-997B-635C1B2A72A5}.Release|Any CPU.ActiveCfg = Release|x86
		{31D35D0B-4EAB-45CD-997B-635C1B2A72A5}.Release|x86.ActiveCfg = Release|x86
		{31D35D0B-4EAB-45CD-997B-635C1B2A72A5}.Release|x86.Build.0 = Release|x86
		{CDA84B60-9FB0-42C4-8A77-77F5C417C08F}.Debug|Any CPU.ActiveCfg = Debug|x86
		{CDA84B60-9FB0-42C4-8A77-77F5C417C08F}.Debug|x86.ActiveCfg = Debug|x86
		{CDA84B60-9FB0-42C4-8A77-77F5C417C08F}.Debug|x86.Build.0 = Debug|x86
		{CDA84B60-9FB0-42C4-8A77-77F5C417C08F}.Release|Any CPU.ActiveCfg = Release|x86
		{CDA84B60-9FB0-42C4-8A77-77F5C417C08F}.Release|x86.ActiveCfg = Release|x86
		{CDA84B60-9FB0-42C4-8A77-77F5C417C08F}.Release|x86.Build.0 = Release|x86
		{AD084B40-5AA2-4624-BC6B-AD99EE32EED0}.Debug|Any CPU.ActiveCfg = Debug|Any CPU
		{AD084B40-5AA2-4624-BC6B-AD99EE32EED0}.Debug|Any CPU.Build.0 = Debug|Any CPU
		{AD084B40-5AA2-4624-BC6B-AD99EE32EED0}.Debug|x86.ActiveCfg = Debug|Any CPU
		{AD084B40-5AA2-4624-BC6B-AD99EE32EED0}.Debug|x86.Build.0 = Debug|Any CPU
		{AD084B40-5AA2-4624-BC6B-AD99EE32EED0}.Release|Any CPU.ActiveCfg = Release|Any CPU
		{AD084B40-5AA2-4624-BC6B-AD99EE32EED0}.Release|Any CPU.Build.0 = Release|Any CPU
		{AD084B40-5AA2-4624-BC6B-AD99EE32EED0}.Release|x86.ActiveCfg = Release|Any CPU
		{AD084B40-5AA2-4624-BC6B-AD99EE32EED0}.Release|x86.Build.0 = Release|Any CPU
	EndGlobalSection
	GlobalSection(SolutionProperties) = preSolution
		HideSolutionNode = FALSE
	EndGlobalSection
	GlobalSection(ExtensibilityGlobals) = postSolution
		SolutionGuid = {7B928083-FEF2-49B4-8038-12221E4686AD}
	EndGlobalSection
EndGlobal
