Microsoft Visual Studio Solution File, Format Version 12.00
# Visual Studio 15
VisualStudioVersion = 15.0.28010.2046
MinimumVisualStudioVersion = 10.0.40219.1
Project("{FAE04EC0-301F-11D3-BF4B-00C04F79EFBC}") = "ReservasHotel", "ReservasHotel\ReservasHotel.csproj", "{8B4DE635-4A2D-4A30-9CFD-B9DE8E7156AF}"
EndProject
Project("{FAE04EC0-301F-11D3-BF4B-00C04F79EFBC}") = "Habitaciones", "..\Habitaciones\Habitaciones\Habitaciones.csproj", "{31D35D0B-4EAB-45CD-997B-635C1B2A72A5}"
EndProject
Project("{FAE04EC0-301F-11D3-BF4B-00C04F79EFBC}") = "Clientes", "..\Clientes\Gestión Hotel\Clientes.csproj", "{BCC73AB8-C997-4D89-96BB-E79EC9335DC4}"
EndProject
Project("{FAE04EC0-301F-11D3-BF4B-00C04F79EFBC}") = "Graficos", "..\GestionDeHoteles\GestionDeHoteles\Graficos.csproj", "{CDA84B60-9FB0-42C4-8A77-77F5C417C08F}"
EndProject
Project("{FAE04EC0-301F-11D3-BF4B-00C04F79EFBC}") = "BusquedasHotel", "..\BusquedasHotel\BusquedasHotel.csproj", "{A2903866-0921-41C2-9264-6A65C5F1577F}"
EndProject
Global
	GlobalSection(SolutionConfigurationPlatforms) = preSolution
		Debug|Any CPU = Debug|Any CPU
		Debug|x86 = Debug|x86
		Release|Any CPU = Release|Any CPU
		Release|x86 = Release|x86
	EndGlobalSection
	GlobalSection(ProjectConfigurationPlatforms) = postSolution
		{8B4DE635-4A2D-4A30-9CFD-B9DE8E7156AF}.Debug|Any CPU.ActiveCfg = Debug|x86
		{8B4DE635-4A2D-4A30-9CFD-B9DE8E7156AF}.Debug|x86.ActiveCfg = Debug|x86
		{8B4DE635-4A2D-4A30-9CFD-B9DE8E7156AF}.Debug|x86.Build.0 = Debug|x86
		{8B4DE635-4A2D-4A30-9CFD-B9DE8E7156AF}.Release|Any CPU.ActiveCfg = Release|x86
		{8B4DE635-4A2D-4A30-9CFD-B9DE8E7156AF}.Release|x86.ActiveCfg = Release|x86
		{8B4DE635-4A2D-4A30-9CFD-B9DE8E7156AF}.Release|x86.Build.0 = Release|x86
		{31D35D0B-4EAB-45CD-997B-635C1B2A72A5}.Debug|Any CPU.ActiveCfg = Debug|x86
		{31D35D0B-4EAB-45CD-997B-635C1B2A72A5}.Debug|x86.ActiveCfg = Debug|x86
		{31D35D0B-4EAB-45CD-997B-635C1B2A72A5}.Debug|x86.Build.0 = Debug|x86
		{31D35D0B-4EAB-45CD-997B-635C1B2A72A5}.Release|Any CPU.ActiveCfg = Release|x86
		{31D35D0B-4EAB-45CD-997B-635C1B2A72A5}.Release|x86.ActiveCfg = Release|x86
		{31D35D0B-4EAB-45CD-997B-635C1B2A72A5}.Release|x86.Build.0 = Release|x86
		{BCC73AB8-C997-4D89-96BB-E79EC9335DC4}.Debug|Any CPU.ActiveCfg = Debug|Any CPU
		{BCC73AB8-C997-4D89-96BB-E79EC9335DC4}.Debug|Any CPU.Build.0 = Debug|Any CPU
		{BCC73AB8-C997-4D89-96BB-E79EC9335DC4}.Debug|x86.ActiveCfg = Debug|Any CPU
		{BCC73AB8-C997-4D89-96BB-E79EC9335DC4}.Debug|x86.Build.0 = Debug|Any CPU
		{BCC73AB8-C997-4D89-96BB-E79EC9335DC4}.Release|Any CPU.ActiveCfg = Release|Any CPU
		{BCC73AB8-C997-4D89-96BB-E79EC9335DC4}.Release|Any CPU.Build.0 = Release|Any CPU
		{BCC73AB8-C997-4D89-96BB-E79EC9335DC4}.Release|x86.ActiveCfg = Release|Any CPU
		{BCC73AB8-C997-4D89-96BB-E79EC9335DC4}.Release|x86.Build.0 = Release|Any CPU
		{CDA84B60-9FB0-42C4-8A77-77F5C417C08F}.Debug|Any CPU.ActiveCfg = Debug|x86
		{CDA84B60-9FB0-42C4-8A77-77F5C417C08F}.Debug|x86.ActiveCfg = Debug|x86
		{CDA84B60-9FB0-42C4-8A77-77F5C417C08F}.Debug|x86.Build.0 = Debug|x86
		{CDA84B60-9FB0-42C4-8A77-77F5C417C08F}.Release|Any CPU.ActiveCfg = Release|x86
		{CDA84B60-9FB0-42C4-8A77-77F5C417C08F}.Release|x86.ActiveCfg = Release|x86
		{CDA84B60-9FB0-42C4-8A77-77F5C417C08F}.Release|x86.Build.0 = Release|x86
		{A2903866-0921-41C2-9264-6A65C5F1577F}.Debug|Any CPU.ActiveCfg = Debug|x86
		{A2903866-0921-41C2-9264-6A65C5F1577F}.Debug|x86.ActiveCfg = Debug|x86
		{A2903866-0921-41C2-9264-6A65C5F1577F}.Debug|x86.Build.0 = Debug|x86
		{A2903866-0921-41C2-9264-6A65C5F1577F}.Release|Any CPU.ActiveCfg = Release|x86
		{A2903866-0921-41C2-9264-6A65C5F1577F}.Release|x86.ActiveCfg = Release|x86
		{A2903866-0921-41C2-9264-6A65C5F1577F}.Release|x86.Build.0 = Release|x86
	EndGlobalSection
	GlobalSection(SolutionProperties) = preSolution
		HideSolutionNode = FALSE
	EndGlobalSection
	GlobalSection(ExtensibilityGlobals) = postSolution
		SolutionGuid = {7B928083-FEF2-49B4-8038-12221E4686AD}
	EndGlobalSection
EndGlobal
